
Microsoft Visual Studio Solution File, Format Version 12.00
# Visual Studio 14
VisualStudioVersion = 14.0.25420.1
MinimumVisualStudioVersion = 10.0.40219.1
Project("{FAE04EC0-301F-11D3-BF4B-00C04F79EFBC}") = "MultiTable", "MultiTable\MultiTable.csproj", "{5D6EE421-CFB4-491F-9A23-3B90D199C311}"
EndProject
Project("{FAE04EC0-301F-11D3-BF4B-00C04F79EFBC}") = "Formulka", "..\ORM\ORM\Formulka\Formulka.csproj", "{A436DDA5-78D1-4D3E-AA6A-99C567105197}"
EndProject
Global
	GlobalSection(SolutionConfigurationPlatforms) = preSolution
		Debug|Any CPU = Debug|Any CPU
		Release|Any CPU = Release|Any CPU
	EndGlobalSection
	GlobalSection(ProjectConfigurationPlatforms) = postSolution
		{5D6EE421-CFB4-491F-9A23-3B90D199C311}.Debug|Any CPU.ActiveCfg = Debug|Any CPU
		{5D6EE421-CFB4-491F-9A23-3B90D199C311}.Debug|Any CPU.Build.0 = Debug|Any CPU
		{5D6EE421-CFB4-491F-9A23-3B90D199C311}.Release|Any CPU.ActiveCfg = Release|Any CPU
		{5D6EE421-CFB4-491F-9A23-3B90D199C311}.Release|Any CPU.Build.0 = Release|Any CPU
		{A436DDA5-78D1-4D3E-AA6A-99C567105197}.Debug|Any CPU.ActiveCfg = Debug|Any CPU
		{A436DDA5-78D1-4D3E-AA6A-99C567105197}.Debug|Any CPU.Build.0 = Debug|Any CPU
		{A436DDA5-78D1-4D3E-AA6A-99C567105197}.Release|Any CPU.ActiveCfg = Release|Any CPU
		{A436DDA5-78D1-4D3E-AA6A-99C567105197}.Release|Any CPU.Build.0 = Release|Any CPU
	EndGlobalSection
	GlobalSection(SolutionProperties) = preSolution
		HideSolutionNode = FALSE
	EndGlobalSection
EndGlobal
